
Microsoft Visual Studio Solution File, Format Version 12.00
# Visual Studio 14
VisualStudioVersion = 14.0.25420.1
MinimumVisualStudioVersion = 10.0.40219.1
Project("{FAE04EC0-301F-11D3-BF4B-00C04F79EFBC}") = "RequestAnalysis", "RequestAnalysis\RequestAnalysis.csproj", "{C7DE4523-1F14-4890-8FE8-C7409FAA0A38}"
EndProject
Project("{FAE04EC0-301F-11D3-BF4B-00C04F79EFBC}") = "RequsetAnalysisUnitTest", "RequsetAnalysisUnitTest\RequsetAnalysisUnitTest.csproj", "{85692E78-0437-4302-866F-A83E217C4186}"
EndProject
Global
	GlobalSection(SolutionConfigurationPlatforms) = preSolution
		Debug|Any CPU = Debug|Any CPU
		Release|Any CPU = Release|Any CPU
	EndGlobalSection
	GlobalSection(ProjectConfigurationPlatforms) = postSolution
		{C7DE4523-1F14-4890-8FE8-C7409FAA0A38}.Debug|Any CPU.ActiveCfg = Debug|Any CPU
		{C7DE4523-1F14-4890-8FE8-C7409FAA0A38}.Debug|Any CPU.Build.0 = Debug|Any CPU
		{C7DE4523-1F14-4890-8FE8-C7409FAA0A38}.Release|Any CPU.ActiveCfg = Release|Any CPU
		{C7DE4523-1F14-4890-8FE8-C7409FAA0A38}.Release|Any CPU.Build.0 = Release|Any CPU
		{85692E78-0437-4302-866F-A83E217C4186}.Debug|Any CPU.ActiveCfg = Debug|Any CPU
		{85692E78-0437-4302-866F-A83E217C4186}.Debug|Any CPU.Build.0 = Debug|Any CPU
		{85692E78-0437-4302-866F-A83E217C4186}.Release|Any CPU.ActiveCfg = Release|Any CPU
		{85692E78-0437-4302-866F-A83E217C4186}.Release|Any CPU.Build.0 = Release|Any CPU
	EndGlobalSection
	GlobalSection(SolutionProperties) = preSolution
		HideSolutionNode = FALSE
	EndGlobalSection
EndGlobal
